
Microsoft Visual Studio Solution File, Format Version 12.00
# Visual Studio Version 16
VisualStudioVersion = 16.0.31105.61
MinimumVisualStudioVersion = 10.0.40219.1
Project("{9A19103F-16F7-4668-BE54-9A1E7A4F7556}") = "BlazingPizza.Server", "BlazingPizza\Server\BlazingPizza.Server.csproj", "{D2FE2C0B-E950-4694-A5E9-D1C3508E3CB4}"
EndProject
Project("{9A19103F-16F7-4668-BE54-9A1E7A4F7556}") = "BlazingPizza.Client", "BlazingPizza\Client\BlazingPizza.Client.csproj", "{AC5681C6-132C-4B47-84AF-8164FE5EDA76}"
EndProject
Project("{9A19103F-16F7-4668-BE54-9A1E7A4F7556}") = "BlazingPizza.Shared", "BlazingPizza\Shared\BlazingPizza.Shared.csproj", "{069F4A5D-E745-4CAC-A56D-4611C67153EA}"
EndProject
Project("{FAE04EC0-301F-11D3-BF4B-00C04F79EFBC}") = "BlazingPizza.ComponentsLibrary", "BlazingPizza.ComponentsLibrary\BlazingPizza.ComponentsLibrary.csproj", "{C39B53F8-664E-4B20-897E-F067FDD34224}"
EndProject
Global
	GlobalSection(SolutionConfigurationPlatforms) = preSolution
		Debug|Any CPU = Debug|Any CPU
		Release|Any CPU = Release|Any CPU
	EndGlobalSection
	GlobalSection(ProjectConfigurationPlatforms) = postSolution
		{D2FE2C0B-E950-4694-A5E9-D1C3508E3CB4}.Debug|Any CPU.ActiveCfg = Debug|Any CPU
		{D2FE2C0B-E950-4694-A5E9-D1C3508E3CB4}.Debug|Any CPU.Build.0 = Debug|Any CPU
		{D2FE2C0B-E950-4694-A5E9-D1C3508E3CB4}.Release|Any CPU.ActiveCfg = Release|Any CPU
		{D2FE2C0B-E950-4694-A5E9-D1C3508E3CB4}.Release|Any CPU.Build.0 = Release|Any CPU
		{AC5681C6-132C-4B47-84AF-8164FE5EDA76}.Debug|Any CPU.ActiveCfg = Debug|Any CPU
		{AC5681C6-132C-4B47-84AF-8164FE5EDA76}.Debug|Any CPU.Build.0 = Debug|Any CPU
		{AC5681C6-132C-4B47-84AF-8164FE5EDA76}.Release|Any CPU.ActiveCfg = Release|Any CPU
		{AC5681C6-132C-4B47-84AF-8164FE5EDA76}.Release|Any CPU.Build.0 = Release|Any CPU
		{069F4A5D-E745-4CAC-A56D-4611C67153EA}.Debug|Any CPU.ActiveCfg = Debug|Any CPU
		{069F4A5D-E745-4CAC-A56D-4611C67153EA}.Debug|Any CPU.Build.0 = Debug|Any CPU
		{069F4A5D-E745-4CAC-A56D-4611C67153EA}.Release|Any CPU.ActiveCfg = Release|Any CPU
		{069F4A5D-E745-4CAC-A56D-4611C67153EA}.Release|Any CPU.Build.0 = Release|Any CPU
		{C39B53F8-664E-4B20-897E-F067FDD34224}.Debug|Any CPU.ActiveCfg = Debug|Any CPU
		{C39B53F8-664E-4B20-897E-F067FDD34224}.Debug|Any CPU.Build.0 = Debug|Any CPU
		{C39B53F8-664E-4B20-897E-F067FDD34224}.Release|Any CPU.ActiveCfg = Release|Any CPU
		{C39B53F8-664E-4B20-897E-F067FDD34224}.Release|Any CPU.Build.0 = Release|Any CPU
	EndGlobalSection
	GlobalSection(SolutionProperties) = preSolution
		HideSolutionNode = FALSE
	EndGlobalSection
	GlobalSection(ExtensibilityGlobals) = postSolution
		SolutionGuid = {B5CF4D52-E1A7-491E-9153-54DD29F25BA5}
	EndGlobalSection
EndGlobal
